{
  "name": "yjz-parent",
  "version": "1.0.0",
  "lockfileVersion": 1,
  "requires": true,
  "dependencies": {
    "yjz-child": {
      "version": "1.0.0",
      "resolved": "https://registry.npmjs.org/yjz-child/-/yjz-child-1.0.0.tgz",
      "integrity": "sha512-SzkzrCJT8qoJJo0ApXALBW7Gx4Xf8Wb4Zy7Snb2fmzDSm1JFe9dlWJopwne4PVfvyRqS/HcgKZBfwBe4R65RfQ=="
    }
  }
}
