{
  "name": "yjz-child",
  "version": "1.0.2",
  "lockfileVersion": 1,
  "requires": true,
  "dependencies": {
    "yjz-p5": {
      "version": "1.0.0",
      "resolved": "https://registry.npmjs.org/yjz-p5/-/yjz-p5-1.0.0.tgz",
      "integrity": "sha512-erxqKwWwuFJCSJFF6ilz36WCz5hzplyn/5p9yabspe2DZnWqEfnCEqcUk7kpGdYEfn/6mRBg0gQXAf4eYul5bQ=="
    }
  }
}
