{
  "name": "yjz-parent-dev",
  "version": "1.0.0",
  "lockfileVersion": 1,
  "requires": true,
  "dependencies": {
    "yjz-child-2": {
      "version": "1.0.0",
      "resolved": "https://registry.npmjs.org/yjz-child-2/-/yjz-child-2-1.0.0.tgz",
      "integrity": "sha512-3ryOV0Z7ui4xhnHCB03SGiO2bWqDkuIT5Pl2WN/74aNV5WywhF2bpy9vXSOcQk2vVPxAlq74AkBNF/snU2nMCQ=="
    }
  }
}
